
Microsoft Visual Studio Solution File, Format Version 12.00
# Visual Studio Version 16
VisualStudioVersion = 16.0.30114.105
MinimumVisualStudioVersion = 10.0.40219.1
Project("{2150E333-8FDC-42A3-9474-1A3956D46DE8}") = "Server", "Server", "{591E5DDB-32F6-4D11-808C-2597E4E274DF}"
EndProject
Project("{FAE04EC0-301F-11D3-BF4B-00C04F79EFBC}") = "InvMan.Server.UI", "Server\InvMan.Server.UI\InvMan.Server.UI.csproj", "{91D85802-08CD-41F6-9C21-CEA19BFE5843}"
EndProject
Project("{FAE04EC0-301F-11D3-BF4B-00C04F79EFBC}") = "InvMan.Server.Domain", "Server\InvMan.Server.Domain\InvMan.Server.Domain.csproj", "{08389959-C17D-429F-B51E-48F6DB3C7A5D}"
EndProject
Project("{FAE04EC0-301F-11D3-BF4B-00C04F79EFBC}") = "InvMan.Server.Database", "Server\InvMan.Server.Database\InvMan.Server.Database.csproj", "{EED850C3-E57C-479A-8EFC-88A5320A13CA}"
EndProject
Project("{2150E333-8FDC-42A3-9474-1A3956D46DE8}") = "Desktop", "Desktop", "{6D453730-6BFC-4949-B61D-0517C68BBCCD}"
EndProject
Project("{FAE04EC0-301F-11D3-BF4B-00C04F79EFBC}") = "InvMan.Desktop.Application", "Desktop\InvMan.Desktop.Application\InvMan.Desktop.Application.csproj", "{F993ABEC-1FC5-409E-AB08-039E4072F7A5}"
EndProject
Project("{FAE04EC0-301F-11D3-BF4B-00C04F79EFBC}") = "InvMan.Desktop.Common", "Desktop\InvMan.Desktop.Common\InvMan.Desktop.Common.csproj", "{1304DF07-3ADB-4B35-96E0-A2CBD29E3521}"
EndProject
Project("{2150E333-8FDC-42A3-9474-1A3956D46DE8}") = "Common", "Common", "{DA676C21-C24B-4B70-A10C-50A81FB81B84}"
EndProject
Project("{FAE04EC0-301F-11D3-BF4B-00C04F79EFBC}") = "InvMan.Common.SDK", "Common\InvMan.Common.SDK\InvMan.Common.SDK.csproj", "{66DAA785-EDAE-4EC8-9057-C1DD4ADD28BE}"
EndProject
Project("{2150E333-8FDC-42A3-9474-1A3956D46DE8}") = "Tests", "Tests", "{39DD5F90-039D-4018-97BF-4739B847F251}"
EndProject
Project("{FAE04EC0-301F-11D3-BF4B-00C04F79EFBC}") = "Tests.Server", "Tests\Tests.Server\Tests.Server.csproj", "{4D31F7E0-6BFE-407E-97B9-BDB72D6D5368}"
EndProject
Project("{FAE04EC0-301F-11D3-BF4B-00C04F79EFBC}") = "Tests.Common", "Tests\Tests.Common\Tests.Common.csproj", "{F1381B4D-2334-453B-A441-0301DB92CE06}"
EndProject
Project("{FAE04EC0-301F-11D3-BF4B-00C04F79EFBC}") = "InvMan.Server.Application", "Server\InvMan.Server.Application\InvMan.Server.Application.csproj", "{C80855A5-B70A-4A61-8C3B-089D98FD2F1A}"
EndProject
Project("{FAE04EC0-301F-11D3-BF4B-00C04F79EFBC}") = "InvMan.Desktop.UI", "Desktop\InvMan.Desktop.UI\InvMan.Desktop.UI.csproj", "{E7A03945-9291-45C9-AD72-FCE8EE467B29}"
EndProject
Project("{FAE04EC0-301F-11D3-BF4B-00C04F79EFBC}") = "InvMan.Desktop.Service", "Desktop\InvMan.Desktop.Service\InvMan.Desktop.Service.csproj", "{AA3B8987-0B8A-48B3-80EA-35A23AAFAB91}"
EndProject
Global
	GlobalSection(SolutionConfigurationPlatforms) = preSolution
		Debug|Any CPU = Debug|Any CPU
		Debug|x64 = Debug|x64
		Debug|x86 = Debug|x86
		Release|Any CPU = Release|Any CPU
		Release|x64 = Release|x64
		Release|x86 = Release|x86
	EndGlobalSection
	GlobalSection(SolutionProperties) = preSolution
		HideSolutionNode = FALSE
	EndGlobalSection
	GlobalSection(ProjectConfigurationPlatforms) = postSolution
		{91D85802-08CD-41F6-9C21-CEA19BFE5843}.Debug|Any CPU.ActiveCfg = Debug|Any CPU
		{91D85802-08CD-41F6-9C21-CEA19BFE5843}.Debug|Any CPU.Build.0 = Debug|Any CPU
		{91D85802-08CD-41F6-9C21-CEA19BFE5843}.Debug|x64.ActiveCfg = Debug|Any CPU
		{91D85802-08CD-41F6-9C21-CEA19BFE5843}.Debug|x64.Build.0 = Debug|Any CPU
		{91D85802-08CD-41F6-9C21-CEA19BFE5843}.Debug|x86.ActiveCfg = Debug|Any CPU
		{91D85802-08CD-41F6-9C21-CEA19BFE5843}.Debug|x86.Build.0 = Debug|Any CPU
		{91D85802-08CD-41F6-9C21-CEA19BFE5843}.Release|Any CPU.ActiveCfg = Release|Any CPU
		{91D85802-08CD-41F6-9C21-CEA19BFE5843}.Release|Any CPU.Build.0 = Release|Any CPU
		{91D85802-08CD-41F6-9C21-CEA19BFE5843}.Release|x64.ActiveCfg = Release|Any CPU
		{91D85802-08CD-41F6-9C21-CEA19BFE5843}.Release|x64.Build.0 = Release|Any CPU
		{91D85802-08CD-41F6-9C21-CEA19BFE5843}.Release|x86.ActiveCfg = Release|Any CPU
		{91D85802-08CD-41F6-9C21-CEA19BFE5843}.Release|x86.Build.0 = Release|Any CPU
		{08389959-C17D-429F-B51E-48F6DB3C7A5D}.Debug|Any CPU.ActiveCfg = Debug|Any CPU
		{08389959-C17D-429F-B51E-48F6DB3C7A5D}.Debug|Any CPU.Build.0 = Debug|Any CPU
		{08389959-C17D-429F-B51E-48F6DB3C7A5D}.Debug|x64.ActiveCfg = Debug|Any CPU
		{08389959-C17D-429F-B51E-48F6DB3C7A5D}.Debug|x64.Build.0 = Debug|Any CPU
		{08389959-C17D-429F-B51E-48F6DB3C7A5D}.Debug|x86.ActiveCfg = Debug|Any CPU
		{08389959-C17D-429F-B51E-48F6DB3C7A5D}.Debug|x86.Build.0 = Debug|Any CPU
		{08389959-C17D-429F-B51E-48F6DB3C7A5D}.Release|Any CPU.ActiveCfg = Release|Any CPU
		{08389959-C17D-429F-B51E-48F6DB3C7A5D}.Release|Any CPU.Build.0 = Release|Any CPU
		{08389959-C17D-429F-B51E-48F6DB3C7A5D}.Release|x64.ActiveCfg = Release|Any CPU
		{08389959-C17D-429F-B51E-48F6DB3C7A5D}.Release|x64.Build.0 = Release|Any CPU
		{08389959-C17D-429F-B51E-48F6DB3C7A5D}.Release|x86.ActiveCfg = Release|Any CPU
		{08389959-C17D-429F-B51E-48F6DB3C7A5D}.Release|x86.Build.0 = Release|Any CPU
		{EED850C3-E57C-479A-8EFC-88A5320A13CA}.Debug|Any CPU.ActiveCfg = Debug|Any CPU
		{EED850C3-E57C-479A-8EFC-88A5320A13CA}.Debug|Any CPU.Build.0 = Debug|Any CPU
		{EED850C3-E57C-479A-8EFC-88A5320A13CA}.Debug|x64.ActiveCfg = Debug|Any CPU
		{EED850C3-E57C-479A-8EFC-88A5320A13CA}.Debug|x64.Build.0 = Debug|Any CPU
		{EED850C3-E57C-479A-8EFC-88A5320A13CA}.Debug|x86.ActiveCfg = Debug|Any CPU
		{EED850C3-E57C-479A-8EFC-88A5320A13CA}.Debug|x86.Build.0 = Debug|Any CPU
		{EED850C3-E57C-479A-8EFC-88A5320A13CA}.Release|Any CPU.ActiveCfg = Release|Any CPU
		{EED850C3-E57C-479A-8EFC-88A5320A13CA}.Release|Any CPU.Build.0 = Release|Any CPU
		{EED850C3-E57C-479A-8EFC-88A5320A13CA}.Release|x64.ActiveCfg = Release|Any CPU
		{EED850C3-E57C-479A-8EFC-88A5320A13CA}.Release|x64.Build.0 = Release|Any CPU
		{EED850C3-E57C-479A-8EFC-88A5320A13CA}.Release|x86.ActiveCfg = Release|Any CPU
		{EED850C3-E57C-479A-8EFC-88A5320A13CA}.Release|x86.Build.0 = Release|Any CPU
		{F993ABEC-1FC5-409E-AB08-039E4072F7A5}.Debug|Any CPU.ActiveCfg = Debug|Any CPU
		{F993ABEC-1FC5-409E-AB08-039E4072F7A5}.Debug|Any CPU.Build.0 = Debug|Any CPU
		{F993ABEC-1FC5-409E-AB08-039E4072F7A5}.Debug|x64.ActiveCfg = Debug|Any CPU
		{F993ABEC-1FC5-409E-AB08-039E4072F7A5}.Debug|x64.Build.0 = Debug|Any CPU
		{F993ABEC-1FC5-409E-AB08-039E4072F7A5}.Debug|x86.ActiveCfg = Debug|Any CPU
		{F993ABEC-1FC5-409E-AB08-039E4072F7A5}.Debug|x86.Build.0 = Debug|Any CPU
		{F993ABEC-1FC5-409E-AB08-039E4072F7A5}.Release|Any CPU.ActiveCfg = Release|Any CPU
		{F993ABEC-1FC5-409E-AB08-039E4072F7A5}.Release|Any CPU.Build.0 = Release|Any CPU
		{F993ABEC-1FC5-409E-AB08-039E4072F7A5}.Release|x64.ActiveCfg = Release|Any CPU
		{F993ABEC-1FC5-409E-AB08-039E4072F7A5}.Release|x64.Build.0 = Release|Any CPU
		{F993ABEC-1FC5-409E-AB08-039E4072F7A5}.Release|x86.ActiveCfg = Release|Any CPU
		{F993ABEC-1FC5-409E-AB08-039E4072F7A5}.Release|x86.Build.0 = Release|Any CPU
		{1304DF07-3ADB-4B35-96E0-A2CBD29E3521}.Debug|Any CPU.ActiveCfg = Debug|Any CPU
		{1304DF07-3ADB-4B35-96E0-A2CBD29E3521}.Debug|Any CPU.Build.0 = Debug|Any CPU
		{1304DF07-3ADB-4B35-96E0-A2CBD29E3521}.Debug|x64.ActiveCfg = Debug|Any CPU
		{1304DF07-3ADB-4B35-96E0-A2CBD29E3521}.Debug|x64.Build.0 = Debug|Any CPU
		{1304DF07-3ADB-4B35-96E0-A2CBD29E3521}.Debug|x86.ActiveCfg = Debug|Any CPU
		{1304DF07-3ADB-4B35-96E0-A2CBD29E3521}.Debug|x86.Build.0 = Debug|Any CPU
		{1304DF07-3ADB-4B35-96E0-A2CBD29E3521}.Release|Any CPU.ActiveCfg = Release|Any CPU
		{1304DF07-3ADB-4B35-96E0-A2CBD29E3521}.Release|Any CPU.Build.0 = Release|Any CPU
		{1304DF07-3ADB-4B35-96E0-A2CBD29E3521}.Release|x64.ActiveCfg = Release|Any CPU
		{1304DF07-3ADB-4B35-96E0-A2CBD29E3521}.Release|x64.Build.0 = Release|Any CPU
		{1304DF07-3ADB-4B35-96E0-A2CBD29E3521}.Release|x86.ActiveCfg = Release|Any CPU
		{1304DF07-3ADB-4B35-96E0-A2CBD29E3521}.Release|x86.Build.0 = Release|Any CPU
		{66DAA785-EDAE-4EC8-9057-C1DD4ADD28BE}.Debug|Any CPU.ActiveCfg = Debug|Any CPU
		{66DAA785-EDAE-4EC8-9057-C1DD4ADD28BE}.Debug|Any CPU.Build.0 = Debug|Any CPU
		{66DAA785-EDAE-4EC8-9057-C1DD4ADD28BE}.Debug|x64.ActiveCfg = Debug|Any CPU
		{66DAA785-EDAE-4EC8-9057-C1DD4ADD28BE}.Debug|x64.Build.0 = Debug|Any CPU
		{66DAA785-EDAE-4EC8-9057-C1DD4ADD28BE}.Debug|x86.ActiveCfg = Debug|Any CPU
		{66DAA785-EDAE-4EC8-9057-C1DD4ADD28BE}.Debug|x86.Build.0 = Debug|Any CPU
		{66DAA785-EDAE-4EC8-9057-C1DD4ADD28BE}.Release|Any CPU.ActiveCfg = Release|Any CPU
		{66DAA785-EDAE-4EC8-9057-C1DD4ADD28BE}.Release|Any CPU.Build.0 = Release|Any CPU
		{66DAA785-EDAE-4EC8-9057-C1DD4ADD28BE}.Release|x64.ActiveCfg = Release|Any CPU
		{66DAA785-EDAE-4EC8-9057-C1DD4ADD28BE}.Release|x64.Build.0 = Release|Any CPU
		{66DAA785-EDAE-4EC8-9057-C1DD4ADD28BE}.Release|x86.ActiveCfg = Release|Any CPU
		{66DAA785-EDAE-4EC8-9057-C1DD4ADD28BE}.Release|x86.Build.0 = Release|Any CPU
		{4D31F7E0-6BFE-407E-97B9-BDB72D6D5368}.Debug|Any CPU.ActiveCfg = Debug|Any CPU
		{4D31F7E0-6BFE-407E-97B9-BDB72D6D5368}.Debug|Any CPU.Build.0 = Debug|Any CPU
		{4D31F7E0-6BFE-407E-97B9-BDB72D6D5368}.Debug|x64.ActiveCfg = Debug|Any CPU
		{4D31F7E0-6BFE-407E-97B9-BDB72D6D5368}.Debug|x64.Build.0 = Debug|Any CPU
		{4D31F7E0-6BFE-407E-97B9-BDB72D6D5368}.Debug|x86.ActiveCfg = Debug|Any CPU
		{4D31F7E0-6BFE-407E-97B9-BDB72D6D5368}.Debug|x86.Build.0 = Debug|Any CPU
		{4D31F7E0-6BFE-407E-97B9-BDB72D6D5368}.Release|Any CPU.ActiveCfg = Release|Any CPU
		{4D31F7E0-6BFE-407E-97B9-BDB72D6D5368}.Release|Any CPU.Build.0 = Release|Any CPU
		{4D31F7E0-6BFE-407E-97B9-BDB72D6D5368}.Release|x64.ActiveCfg = Release|Any CPU
		{4D31F7E0-6BFE-407E-97B9-BDB72D6D5368}.Release|x64.Build.0 = Release|Any CPU
		{4D31F7E0-6BFE-407E-97B9-BDB72D6D5368}.Release|x86.ActiveCfg = Release|Any CPU
		{4D31F7E0-6BFE-407E-97B9-BDB72D6D5368}.Release|x86.Build.0 = Release|Any CPU
		{F1381B4D-2334-453B-A441-0301DB92CE06}.Debug|Any CPU.ActiveCfg = Debug|Any CPU
		{F1381B4D-2334-453B-A441-0301DB92CE06}.Debug|Any CPU.Build.0 = Debug|Any CPU
		{F1381B4D-2334-453B-A441-0301DB92CE06}.Debug|x64.ActiveCfg = Debug|Any CPU
		{F1381B4D-2334-453B-A441-0301DB92CE06}.Debug|x64.Build.0 = Debug|Any CPU
		{F1381B4D-2334-453B-A441-0301DB92CE06}.Debug|x86.ActiveCfg = Debug|Any CPU
		{F1381B4D-2334-453B-A441-0301DB92CE06}.Debug|x86.Build.0 = Debug|Any CPU
		{F1381B4D-2334-453B-A441-0301DB92CE06}.Release|Any CPU.ActiveCfg = Release|Any CPU
		{F1381B4D-2334-453B-A441-0301DB92CE06}.Release|Any CPU.Build.0 = Release|Any CPU
		{F1381B4D-2334-453B-A441-0301DB92CE06}.Release|x64.ActiveCfg = Release|Any CPU
		{F1381B4D-2334-453B-A441-0301DB92CE06}.Release|x64.Build.0 = Release|Any CPU
		{F1381B4D-2334-453B-A441-0301DB92CE06}.Release|x86.ActiveCfg = Release|Any CPU
		{F1381B4D-2334-453B-A441-0301DB92CE06}.Release|x86.Build.0 = Release|Any CPU
		{C80855A5-B70A-4A61-8C3B-089D98FD2F1A}.Debug|Any CPU.ActiveCfg = Debug|Any CPU
		{C80855A5-B70A-4A61-8C3B-089D98FD2F1A}.Debug|Any CPU.Build.0 = Debug|Any CPU
		{C80855A5-B70A-4A61-8C3B-089D98FD2F1A}.Debug|x64.ActiveCfg = Debug|Any CPU
		{C80855A5-B70A-4A61-8C3B-089D98FD2F1A}.Debug|x64.Build.0 = Debug|Any CPU
		{C80855A5-B70A-4A61-8C3B-089D98FD2F1A}.Debug|x86.ActiveCfg = Debug|Any CPU
		{C80855A5-B70A-4A61-8C3B-089D98FD2F1A}.Debug|x86.Build.0 = Debug|Any CPU
		{C80855A5-B70A-4A61-8C3B-089D98FD2F1A}.Release|Any CPU.ActiveCfg = Release|Any CPU
		{C80855A5-B70A-4A61-8C3B-089D98FD2F1A}.Release|Any CPU.Build.0 = Release|Any CPU
		{C80855A5-B70A-4A61-8C3B-089D98FD2F1A}.Release|x64.ActiveCfg = Release|Any CPU
		{C80855A5-B70A-4A61-8C3B-089D98FD2F1A}.Release|x64.Build.0 = Release|Any CPU
		{C80855A5-B70A-4A61-8C3B-089D98FD2F1A}.Release|x86.ActiveCfg = Release|Any CPU
		{C80855A5-B70A-4A61-8C3B-089D98FD2F1A}.Release|x86.Build.0 = Release|Any CPU
		{E7A03945-9291-45C9-AD72-FCE8EE467B29}.Debug|Any CPU.ActiveCfg = Debug|Any CPU
		{E7A03945-9291-45C9-AD72-FCE8EE467B29}.Debug|Any CPU.Build.0 = Debug|Any CPU
		{E7A03945-9291-45C9-AD72-FCE8EE467B29}.Debug|x64.ActiveCfg = Debug|Any CPU
		{E7A03945-9291-45C9-AD72-FCE8EE467B29}.Debug|x64.Build.0 = Debug|Any CPU
		{E7A03945-9291-45C9-AD72-FCE8EE467B29}.Debug|x86.ActiveCfg = Debug|Any CPU
		{E7A03945-9291-45C9-AD72-FCE8EE467B29}.Debug|x86.Build.0 = Debug|Any CPU
		{E7A03945-9291-45C9-AD72-FCE8EE467B29}.Release|Any CPU.ActiveCfg = Release|Any CPU
		{E7A03945-9291-45C9-AD72-FCE8EE467B29}.Release|Any CPU.Build.0 = Release|Any CPU
		{E7A03945-9291-45C9-AD72-FCE8EE467B29}.Release|x64.ActiveCfg = Release|Any CPU
		{E7A03945-9291-45C9-AD72-FCE8EE467B29}.Release|x64.Build.0 = Release|Any CPU
		{E7A03945-9291-45C9-AD72-FCE8EE467B29}.Release|x86.ActiveCfg = Release|Any CPU
		{E7A03945-9291-45C9-AD72-FCE8EE467B29}.Release|x86.Build.0 = Release|Any CPU
		{AA3B8987-0B8A-48B3-80EA-35A23AAFAB91}.Debug|Any CPU.ActiveCfg = Debug|Any CPU
		{AA3B8987-0B8A-48B3-80EA-35A23AAFAB91}.Debug|Any CPU.Build.0 = Debug|Any CPU
		{AA3B8987-0B8A-48B3-80EA-35A23AAFAB91}.Debug|x64.ActiveCfg = Debug|Any CPU
		{AA3B8987-0B8A-48B3-80EA-35A23AAFAB91}.Debug|x64.Build.0 = Debug|Any CPU
		{AA3B8987-0B8A-48B3-80EA-35A23AAFAB91}.Debug|x86.ActiveCfg = Debug|Any CPU
		{AA3B8987-0B8A-48B3-80EA-35A23AAFAB91}.Debug|x86.Build.0 = Debug|Any CPU
		{AA3B8987-0B8A-48B3-80EA-35A23AAFAB91}.Release|Any CPU.ActiveCfg = Release|Any CPU
		{AA3B8987-0B8A-48B3-80EA-35A23AAFAB91}.Release|Any CPU.Build.0 = Release|Any CPU
		{AA3B8987-0B8A-48B3-80EA-35A23AAFAB91}.Release|x64.ActiveCfg = Release|Any CPU
		{AA3B8987-0B8A-48B3-80EA-35A23AAFAB91}.Release|x64.Build.0 = Release|Any CPU
		{AA3B8987-0B8A-48B3-80EA-35A23AAFAB91}.Release|x86.ActiveCfg = Release|Any CPU
		{AA3B8987-0B8A-48B3-80EA-35A23AAFAB91}.Release|x86.Build.0 = Release|Any CPU
	EndGlobalSection
	GlobalSection(NestedProjects) = preSolution
		{91D85802-08CD-41F6-9C21-CEA19BFE5843} = {591E5DDB-32F6-4D11-808C-2597E4E274DF}
		{08389959-C17D-429F-B51E-48F6DB3C7A5D} = {591E5DDB-32F6-4D11-808C-2597E4E274DF}
		{EED850C3-E57C-479A-8EFC-88A5320A13CA} = {591E5DDB-32F6-4D11-808C-2597E4E274DF}
		{F993ABEC-1FC5-409E-AB08-039E4072F7A5} = {6D453730-6BFC-4949-B61D-0517C68BBCCD}
		{1304DF07-3ADB-4B35-96E0-A2CBD29E3521} = {6D453730-6BFC-4949-B61D-0517C68BBCCD}
		{66DAA785-EDAE-4EC8-9057-C1DD4ADD28BE} = {DA676C21-C24B-4B70-A10C-50A81FB81B84}
		{4D31F7E0-6BFE-407E-97B9-BDB72D6D5368} = {39DD5F90-039D-4018-97BF-4739B847F251}
		{F1381B4D-2334-453B-A441-0301DB92CE06} = {39DD5F90-039D-4018-97BF-4739B847F251}
		{C80855A5-B70A-4A61-8C3B-089D98FD2F1A} = {591E5DDB-32F6-4D11-808C-2597E4E274DF}
		{E7A03945-9291-45C9-AD72-FCE8EE467B29} = {6D453730-6BFC-4949-B61D-0517C68BBCCD}
		{AA3B8987-0B8A-48B3-80EA-35A23AAFAB91} = {6D453730-6BFC-4949-B61D-0517C68BBCCD}
	EndGlobalSection
EndGlobal
