
Microsoft Visual Studio Solution File, Format Version 12.00
# Visual Studio Version 16
VisualStudioVersion = 16.0.31624.102
MinimumVisualStudioVersion = 10.0.40219.1
Project("{FAE04EC0-301F-11D3-BF4B-00C04F79EFBC}") = "InvMan.InvMan.Mobile.Android", "InvMan.Mobile\InvMan.InvMan.Mobile.Android\InvMan.InvMan.Mobile.Android.csproj", "{B903F719-7A7A-4081-8E50-C2F2E26CD7F7}"
EndProject
Project("{FAE04EC0-301F-11D3-BF4B-00C04F79EFBC}") = "InvMan.Mobile", "InvMan.Mobile\InvMan.Mobile\InvMan.Mobile.csproj", "{F016CC76-2A56-4BFF-A088-56BC36224B02}"
EndProject
Project("{FAE04EC0-301F-11D3-BF4B-00C04F79EFBC}") = "InvMan.Mobile.Common", "InvMan.Mobile.Common\InvMan.Mobile.Common.csproj", "{3381C1E5-5BBD-4AC8-99E8-3281BB8130E8}"
EndProject
Global
	GlobalSection(SolutionConfigurationPlatforms) = preSolution
		Debug|Any CPU = Debug|Any CPU
		Release|Any CPU = Release|Any CPU
	EndGlobalSection
	GlobalSection(ProjectConfigurationPlatforms) = postSolution
		{B903F719-7A7A-4081-8E50-C2F2E26CD7F7}.Debug|Any CPU.ActiveCfg = Debug|Any CPU
		{B903F719-7A7A-4081-8E50-C2F2E26CD7F7}.Debug|Any CPU.Build.0 = Debug|Any CPU
		{B903F719-7A7A-4081-8E50-C2F2E26CD7F7}.Debug|Any CPU.Deploy.0 = Debug|Any CPU
		{B903F719-7A7A-4081-8E50-C2F2E26CD7F7}.Release|Any CPU.ActiveCfg = Release|Any CPU
		{B903F719-7A7A-4081-8E50-C2F2E26CD7F7}.Release|Any CPU.Build.0 = Release|Any CPU
		{B903F719-7A7A-4081-8E50-C2F2E26CD7F7}.Release|Any CPU.Deploy.0 = Release|Any CPU
		{F016CC76-2A56-4BFF-A088-56BC36224B02}.Debug|Any CPU.ActiveCfg = Debug|Any CPU
		{F016CC76-2A56-4BFF-A088-56BC36224B02}.Debug|Any CPU.Build.0 = Debug|Any CPU
		{F016CC76-2A56-4BFF-A088-56BC36224B02}.Debug|Any CPU.Deploy.0 = Debug|Any CPU
		{F016CC76-2A56-4BFF-A088-56BC36224B02}.Release|Any CPU.ActiveCfg = Release|Any CPU
		{F016CC76-2A56-4BFF-A088-56BC36224B02}.Release|Any CPU.Build.0 = Release|Any CPU
		{F016CC76-2A56-4BFF-A088-56BC36224B02}.Release|Any CPU.Deploy.0 = Release|Any CPU
		{3381C1E5-5BBD-4AC8-99E8-3281BB8130E8}.Debug|Any CPU.ActiveCfg = Debug|Any CPU
		{3381C1E5-5BBD-4AC8-99E8-3281BB8130E8}.Debug|Any CPU.Build.0 = Debug|Any CPU
		{3381C1E5-5BBD-4AC8-99E8-3281BB8130E8}.Release|Any CPU.ActiveCfg = Release|Any CPU
		{3381C1E5-5BBD-4AC8-99E8-3281BB8130E8}.Release|Any CPU.Build.0 = Release|Any CPU
	EndGlobalSection
	GlobalSection(SolutionProperties) = preSolution
		HideSolutionNode = FALSE
	EndGlobalSection
	GlobalSection(ExtensibilityGlobals) = postSolution
		SolutionGuid = {7FE1C7DD-94E6-4339-B270-04E3F7C44CB7}
	EndGlobalSection
EndGlobal
